
Microsoft Visual Studio Solution File, Format Version 12.00
# Visual Studio Version 17
VisualStudioVersion = 17.0.31919.166
MinimumVisualStudioVersion = 10.0.40219.1
Project("{FAE04EC0-301F-11D3-BF4B-00C04F79EFBC}") = "Practice_06", "Practice_06.csproj", "{22C56910-11BF-455C-B90F-8363BE31AF6F}"
EndProject
Global
	GlobalSection(SolutionConfigurationPlatforms) = preSolution
		Debug|Any CPU = Debug|Any CPU
		Release|Any CPU = Release|Any CPU
	EndGlobalSection
	GlobalSection(ProjectConfigurationPlatforms) = postSolution
		{22C56910-11BF-455C-B90F-8363BE31AF6F}.Debug|Any CPU.ActiveCfg = Debug|Any CPU
		{22C56910-11BF-455C-B90F-8363BE31AF6F}.Debug|Any CPU.Build.0 = Debug|Any CPU
		{22C56910-11BF-455C-B90F-8363BE31AF6F}.Release|Any CPU.ActiveCfg = Release|Any CPU
		{22C56910-11BF-455C-B90F-8363BE31AF6F}.Release|Any CPU.Build.0 = Release|Any CPU
	EndGlobalSection
	GlobalSection(SolutionProperties) = preSolution
		HideSolutionNode = FALSE
	EndGlobalSection
	GlobalSection(ExtensibilityGlobals) = postSolution
		SolutionGuid = {D62AFA9C-6AB7-4B5C-AE34-DE8ADD10A196}
	EndGlobalSection
EndGlobal
